
Microsoft Visual Studio Solution File, Format Version 12.00
# Visual Studio Version 17
VisualStudioVersion = 17.12.35527.113 d17.12
MinimumVisualStudioVersion = 10.0.40219.1
Project("{FAE04EC0-301F-11D3-BF4B-00C04F79EFBC}") = "Ilyas911TasksApp", "Ilyas911TasksApp.csproj", "{0A0695C6-B303-48B0-A623-AAA60D596070}"
EndProject
Global
	GlobalSection(SolutionConfigurationPlatforms) = preSolution
		Debug|Any CPU = Debug|Any CPU
		Release|Any CPU = Release|Any CPU
	EndGlobalSection
	GlobalSection(ProjectConfigurationPlatforms) = postSolution
		{0A0695C6-B303-48B0-A623-AAA60D596070}.Debug|Any CPU.ActiveCfg = Debug|Any CPU
		{0A0695C6-B303-48B0-A623-AAA60D596070}.Debug|Any CPU.Build.0 = Debug|Any CPU
		{0A0695C6-B303-48B0-A623-AAA60D596070}.Release|Any CPU.ActiveCfg = Release|Any CPU
		{0A0695C6-B303-48B0-A623-AAA60D596070}.Release|Any CPU.Build.0 = Release|Any CPU
	EndGlobalSection
	GlobalSection(SolutionProperties) = preSolution
		HideSolutionNode = FALSE
	EndGlobalSection
EndGlobal
